
Microsoft Visual Studio Solution File, Format Version 12.00
# Visual Studio 2013
VisualStudioVersion = 12.0.31101.0
MinimumVisualStudioVersion = 10.0.40219.1
Project("{FAE04EC0-301F-11D3-BF4B-00C04F79EFBC}") = "Assertions", "Defensive-Programming-Homework\Assertions.csproj", "{DF708049-6C6E-4EEF-8D7D-2FB6B9229E96}"
EndProject
Project("{FAE04EC0-301F-11D3-BF4B-00C04F79EFBC}") = "Exceptions", "Exceptions\Exceptions.csproj", "{18AEAC4A-A2B7-411C-8E08-369E762BB7B2}"
EndProject
Global
	GlobalSection(SolutionConfigurationPlatforms) = preSolution
		Debug|Any CPU = Debug|Any CPU
		Release|Any CPU = Release|Any CPU
	EndGlobalSection
	GlobalSection(ProjectConfigurationPlatforms) = postSolution
		{DF708049-6C6E-4EEF-8D7D-2FB6B9229E96}.Debug|Any CPU.ActiveCfg = Debug|Any CPU
		{DF708049-6C6E-4EEF-8D7D-2FB6B9229E96}.Debug|Any CPU.Build.0 = Debug|Any CPU
		{DF708049-6C6E-4EEF-8D7D-2FB6B9229E96}.Release|Any CPU.ActiveCfg = Release|Any CPU
		{DF708049-6C6E-4EEF-8D7D-2FB6B9229E96}.Release|Any CPU.Build.0 = Release|Any CPU
		{18AEAC4A-A2B7-411C-8E08-369E762BB7B2}.Debug|Any CPU.ActiveCfg = Debug|Any CPU
		{18AEAC4A-A2B7-411C-8E08-369E762BB7B2}.Debug|Any CPU.Build.0 = Debug|Any CPU
		{18AEAC4A-A2B7-411C-8E08-369E762BB7B2}.Release|Any CPU.ActiveCfg = Release|Any CPU
		{18AEAC4A-A2B7-411C-8E08-369E762BB7B2}.Release|Any CPU.Build.0 = Release|Any CPU
	EndGlobalSection
	GlobalSection(SolutionProperties) = preSolution
		HideSolutionNode = FALSE
	EndGlobalSection
EndGlobal
